// !$*UTF8*$!
{
	archiveVersion = 1;
	classes = {
	};
	objectVersion = 77;
	objects = {

/* Begin PBXBuildFile section */
		2A50DE570B52B9F6CE40D82E /* WebSocketClient.swift in Sources */ = {isa = PBXBuildFile; fileRef = "TEMP_F0C6E6AC-252A-4CB1-BA4B-EF1A62EB2D66" /* WebSocketClient.swift */; };
		6CA515502452120F08E16B94 /* StreamingCaptureManager.swift in Sources */ = {isa = PBXBuildFile; fileRef = "TEMP_D6147A5F-61BD-49DA-861B-0768074FD35F" /* StreamingCaptureManager.swift */; };
		9A19667D43BDA8DB203D8E89 /* PhysioLiDARApp.swift in Sources */ = {isa = PBXBuildFile; fileRef = "TEMP_9A2849C9-6DC7-492B-9A63-A5A145000CAF" /* PhysioLiDARApp.swift */; };
		9CC5B66CB166AB52409FE1FD /* ContentView.swift in Sources */ = {isa = PBXBuildFile; fileRef = "TEMP_CA30D56B-6F3C-4F1F-9FC5-7AC8A9934998" /* ContentView.swift */; };
/* End PBXBuildFile section */

/* Begin PBXFileReference section */
		FF8A58D7D9B673DCA6EFEBC9 /* PhysioLiDAR.app */ = {isa = PBXFileReference; includeInIndex = 0; lastKnownFileType = wrapper.application; path = PhysioLiDAR.app; sourceTree = BUILT_PRODUCTS_DIR; };
		"TEMP_9A2849C9-6DC7-492B-9A63-A5A145000CAF" /* PhysioLiDARApp.swift */ = {isa = PBXFileReference; lastKnownFileType = sourcecode.swift; path = PhysioLiDARApp.swift; sourceTree = "<group>"; };
		"TEMP_CA30D56B-6F3C-4F1F-9FC5-7AC8A9934998" /* ContentView.swift */ = {isa = PBXFileReference; lastKnownFileType = sourcecode.swift; path = ContentView.swift; sourceTree = "<group>"; };
		"TEMP_CC972853-4806-4CDA-8E0A-6B5CCB6988BA" /* Info.plist */ = {isa = PBXFileReference; lastKnownFileType = text.plist; path = Info.plist; sourceTree = "<group>"; };
		"TEMP_D6147A5F-61BD-49DA-861B-0768074FD35F" /* StreamingCaptureManager.swift */ = {isa = PBXFileReference; lastKnownFileType = sourcecode.swift; path = StreamingCaptureManager.swift; sourceTree = "<group>"; };
		"TEMP_F0C6E6AC-252A-4CB1-BA4B-EF1A62EB2D66" /* WebSocketClient.swift */ = {isa = PBXFileReference; lastKnownFileType = sourcecode.swift; path = WebSocketClient.swift; sourceTree = "<group>"; };
/* End PBXFileReference section */

/* Begin PBXGroup section */
		7EB80DB5ECEEEC37EEE65662 /* Products */ = {
			isa = PBXGroup;
			children = (
				FF8A58D7D9B673DCA6EFEBC9 /* PhysioLiDAR.app */,
			);
			name = Products;
			sourceTree = "<group>";
		};
		A4F453EFF8FE110828FCB00A = {
			isa = PBXGroup;
			children = (
				7EB80DB5ECEEEC37EEE65662 /* Products */,
			);
			sourceTree = "<group>";
		};
		"TEMP_BA5A11EE-3377-4148-835A-6CFB58FE1164" /* PhysioLiDAR */ = {
			isa = PBXGroup;
			children = (
				"TEMP_D6147A5F-61BD-49DA-861B-0768074FD35F" /* StreamingCaptureManager.swift */,
				"TEMP_F0C6E6AC-252A-4CB1-BA4B-EF1A62EB2D66" /* WebSocketClient.swift */,
				"TEMP_9A2849C9-6DC7-492B-9A63-A5A145000CAF" /* PhysioLiDARApp.swift */,
				"TEMP_CA30D56B-6F3C-4F1F-9FC5-7AC8A9934998" /* ContentView.swift */,
				"TEMP_CC972853-4806-4CDA-8E0A-6B5CCB6988BA" /* Info.plist */,
			);
			path = PhysioLiDAR;
			sourceTree = "<group>";
		};
/* End PBXGroup section */

/* Begin PBXNativeTarget section */
		484A556495073B231CDC315B /* PhysioLiDAR */ = {
			isa = PBXNativeTarget;
			buildConfigurationList = 15A6CF6D68A43A77D461836F /* Build configuration list for PBXNativeTarget "PhysioLiDAR" */;
			buildPhases = (
				C509A7F75E76F19A2BC8DDE7 /* Sources */,
			);
			buildRules = (
			);
			dependencies = (
			);
			name = PhysioLiDAR;
			packageProductDependencies = (
			);
			productName = PhysioLiDAR;
			productReference = FF8A58D7D9B673DCA6EFEBC9 /* PhysioLiDAR.app */;
			productType = "com.apple.product-type.application";
		};
/* End PBXNativeTarget section */

/* Begin PBXProject section */
		44A2C40EA9BAD2D9976AB7E2 /* Project object */ = {
			isa = PBXProject;
			attributes = {
				BuildIndependentTargetsInParallel = YES;
				LastUpgradeCheck = 1430;
				TargetAttributes = {
					484A556495073B231CDC315B = {
						DevelopmentTeam = 3S2X4R5G86;
						ProvisioningStyle = Automatic;
					};
				};
			};
			buildConfigurationList = 9E3A732BE51AD1E5F030F127 /* Build configuration list for PBXProject "PhysioLiDAR" */;
			compatibilityVersion = "Xcode 14.0";
			developmentRegion = en;
			hasScannedForEncodings = 0;
			knownRegions = (
				Base,
				en,
			);
			mainGroup = A4F453EFF8FE110828FCB00A;
			minimizedProjectReferenceProxies = 1;
			preferredProjectObjectVersion = 77;
			projectDirPath = "";
			projectRoot = "";
			targets = (
				484A556495073B231CDC315B /* PhysioLiDAR */,
			);
		};
/* End PBXProject section */

/* Begin PBXSourcesBuildPhase section */
		C509A7F75E76F19A2BC8DDE7 /* Sources */ = {
			isa = PBXSourcesBuildPhase;
			buildActionMask = 2147483647;
			files = (
				9CC5B66CB166AB52409FE1FD /* ContentView.swift in Sources */,
				9A19667D43BDA8DB203D8E89 /* PhysioLiDARApp.swift in Sources */,
				6CA515502452120F08E16B94 /* StreamingCaptureManager.swift in Sources */,
				2A50DE570B52B9F6CE40D82E /* WebSocketClient.swift in Sources */,
			);
			runOnlyForDeploymentPostprocessing = 0;
		};
/* End PBXSourcesBuildPhase section */

/* Begin XCBuildConfiguration section */
		22A37E364557DB1912995B49 /* Debug */ = {
			isa = XCBuildConfiguration;
			buildSettings = {
				ASSETCATALOG_COMPILER_APPICON_NAME = AppIcon;
				CODE_SIGN_IDENTITY = "iPhone Developer";
				CODE_SIGN_STYLE = Automatic;
				DEVELOPMENT_TEAM = 3S2X4R5G86;
				INFOPLIST_FILE = Info.plist;
				LD_RUNPATH_SEARCH_PATHS = (
					"$(inherited)",
					"@executable_path/Frameworks",
				);
				PRODUCT_BUNDLE_IDENTIFIER = com.gatormotion.PhysioLiDAR;
				PRODUCT_NAME = PhysioLiDAR;
				SDKROOT = iphoneos;
				TARGETED_DEVICE_FAMILY = "1,2";
			};
			name = Debug;
		};
		2D956FD57BCC3A6A3449D8E6 /* Release */ = {
			isa = XCBuildConfiguration;
			buildSettings = {
				ASSETCATALOG_COMPILER_APPICON_NAME = AppIcon;
				CODE_SIGN_IDENTITY = "iPhone Developer";
				CODE_SIGN_STYLE = Automatic;
				DEVELOPMENT_TEAM = 3S2X4R5G86;
				INFOPLIST_FILE = Info.plist;
				LD_RUNPATH_SEARCH_PATHS = (
					"$(inherited)",
					"@executable_path/Frameworks",
				);
				PRODUCT_BUNDLE_IDENTIFIER = com.gatormotion.PhysioLiDAR;
				PRODUCT_NAME = PhysioLiDAR;
				SDKROOT = iphoneos;
				TARGETED_DEVICE_FAMILY = "1,2";
			};
			name = Release;
		};
		B78F66AB265E49DC97B72EFC /* Debug */ = {
			isa = XCBuildConfiguration;
			buildSettings = {
				ALWAYS_SEARCH_USER_PATHS = NO;
				CLANG_ANALYZER_NONNULL = YES;
				CLANG_ANALYZER_NUMBER_OBJECT_CONVERSION = YES_AGGRESSIVE;
				CLANG_CXX_LANGUAGE_STANDARD = "gnu++14";
				CLANG_CXX_LIBRARY = "libc++";
				CLANG_ENABLE_MODULES = YES;
				CLANG_ENABLE_OBJC_ARC = YES;
				CLANG_ENABLE_OBJC_WEAK = YES;
				CLANG_WARN_BLOCK_CAPTURE_AUTORELEASING = YES;
				CLANG_WARN_BOOL_CONVERSION = YES;
				CLANG_WARN_COMMA = YES;
				CLANG_WARN_CONSTANT_CONVERSION = YES;
				CLANG_WARN_DEPRECATED_OBJC_IMPLEMENTATIONS = YES;
				CLANG_WARN_DIRECT_OBJC_ISA_USAGE = YES_ERROR;
				CLANG_WARN_DOCUMENTATION_COMMENTS = YES;
				CLANG_WARN_EMPTY_BODY = YES;
				CLANG_WARN_ENUM_CONVERSION = YES;
				CLANG_WARN_INFINITE_RECURSION = YES;
				CLANG_WARN_INT_CONVERSION = YES;
				CLANG_WARN_NON_LITERAL_NULL_CONVERSION = YES;
				CLANG_WARN_OBJC_IMPLICIT_RETAIN_SELF = YES;
				CLANG_WARN_OBJC_LITERAL_CONVERSION = YES;
				CLANG_WARN_OBJC_ROOT_CLASS = YES_ERROR;
				CLANG_WARN_QUOTED_INCLUDE_IN_FRAMEWORK_HEADER = YES;
				CLANG_WARN_RANGE_LOOP_ANALYSIS = YES;
				CLANG_WARN_STRICT_PROTOTYPES = YES;
				CLANG_WARN_SUSPICIOUS_MOVE = YES;
				CLANG_WARN_UNGUARDED_AVAILABILITY = YES_AGGRESSIVE;
				CLANG_WARN_UNREACHABLE_CODE = YES;
				CLANG_WARN__DUPLICATE_METHOD_MATCH = YES;
				COPY_PHASE_STRIP = NO;
				DEBUG_INFORMATION_FORMAT = dwarf;
				ENABLE_STRICT_OBJC_MSGSEND = YES;
				ENABLE_TESTABILITY = YES;
				GCC_C_LANGUAGE_STANDARD = gnu11;
				GCC_DYNAMIC_NO_PIC = NO;
				GCC_NO_COMMON_BLOCKS = YES;
				GCC_OPTIMIZATION_LEVEL = 0;
				GCC_PREPROCESSOR_DEFINITIONS = (
					"$(inherited)",
					"DEBUG=1",
				);
				GCC_WARN_64_TO_32_BIT_CONVERSION = YES;
				GCC_WARN_ABOUT_RETURN_TYPE = YES_ERROR;
				GCC_WARN_UNDECLARED_SELECTOR = YES;
				GCC_WARN_UNINITIALIZED_AUTOS = YES_AGGRESSIVE;
				GCC_WARN_UNUSED_FUNCTION = YES;
				GCC_WARN_UNUSED_VARIABLE = YES;
				IPHONEOS_DEPLOYMENT_TARGET = 14.0;
				MTL_ENABLE_DEBUG_INFO = INCLUDE_SOURCE;
				MTL_FAST_MATH = YES;
				ONLY_ACTIVE_ARCH = YES;
				PRODUCT_NAME = "$(TARGET_NAME)";
				SDKROOT = iphoneos;
				SWIFT_ACTIVE_COMPILATION_CONDITIONS = DEBUG;
				SWIFT_OPTIMIZATION_LEVEL = "-Onone";
				SWIFT_VERSION = 5.0;
				TARGETED_DEVICE_FAMILY = "1,2";
			};
			name = Debug;
		};
		DA116CE1A2C4102AE555B5ED /* Release */ = {
			isa = XCBuildConfiguration;
			buildSettings = {
				ALWAYS_SEARCH_USER_PATHS = NO;
				CLANG_ANALYZER_NONNULL = YES;
				CLANG_ANALYZER_NUMBER_OBJECT_CONVERSION = YES_AGGRESSIVE;
				CLANG_CXX_LANGUAGE_STANDARD = "gnu++14";
				CLANG_CXX_LIBRARY = "libc++";
				CLANG_ENABLE_MODULES = YES;
				CLANG_ENABLE_OBJC_ARC = YES;
				CLANG_ENABLE_OBJC_WEAK = YES;
				CLANG_WARN_BLOCK_CAPTURE_AUTORELEASING = YES;
				CLANG_WARN_BOOL_CONVERSION = YES;
				CLANG_WARN_COMMA = YES;
				CLANG_WARN_CONSTANT_CONVERSION = YES;
				CLANG_WARN_DEPRECATED_OBJC_IMPLEMENTATIONS = YES;
				CLANG_WARN_DIRECT_OBJC_ISA_USAGE = YES_ERROR;
				CLANG_WARN_DOCUMENTATION_COMMENTS = YES;
				CLANG_WARN_EMPTY_BODY = YES;
				CLANG_WARN_ENUM_CONVERSION = YES;
				CLANG_WARN_INFINITE_RECURSION = YES;
				CLANG_WARN_INT_CONVERSION = YES;
				CLANG_WARN_NON_LITERAL_NULL_CONVERSION = YES;
				CLANG_WARN_OBJC_IMPLICIT_RETAIN_SELF = YES;
				CLANG_WARN_OBJC_LITERAL_CONVERSION = YES;
				CLANG_WARN_OBJC_ROOT_CLASS = YES_ERROR;
				CLANG_WARN_QUOTED_INCLUDE_IN_FRAMEWORK_HEADER = YES;
				CLANG_WARN_RANGE_LOOP_ANALYSIS = YES;
				CLANG_WARN_STRICT_PROTOTYPES = YES;
				CLANG_WARN_SUSPICIOUS_MOVE = YES;
				CLANG_WARN_UNGUARDED_AVAILABILITY = YES_AGGRESSIVE;
				CLANG_WARN_UNREACHABLE_CODE = YES;
				CLANG_WARN__DUPLICATE_METHOD_MATCH = YES;
				COPY_PHASE_STRIP = NO;
				DEBUG_INFORMATION_FORMAT = "dwarf-with-dsym";
				ENABLE_NS_ASSERTIONS = NO;
				ENABLE_STRICT_OBJC_MSGSEND = YES;
				GCC_C_LANGUAGE_STANDARD = gnu11;
				GCC_NO_COMMON_BLOCKS = YES;
				GCC_WARN_64_TO_32_BIT_CONVERSION = YES;
				GCC_WARN_ABOUT_RETURN_TYPE = YES_ERROR;
				GCC_WARN_UNDECLARED_SELECTOR = YES;
				GCC_WARN_UNINITIALIZED_AUTOS = YES_AGGRESSIVE;
				GCC_WARN_UNUSED_FUNCTION = YES;
				GCC_WARN_UNUSED_VARIABLE = YES;
				IPHONEOS_DEPLOYMENT_TARGET = 14.0;
				MTL_ENABLE_DEBUG_INFO = NO;
				MTL_FAST_MATH = YES;
				PRODUCT_NAME = "$(TARGET_NAME)";
				SDKROOT = iphoneos;
				SWIFT_COMPILATION_MODE = wholemodule;
				SWIFT_OPTIMIZATION_LEVEL = "-O";
				SWIFT_VERSION = 5.0;
				TARGETED_DEVICE_FAMILY = "1,2";
			};
			name = Release;
		};
/* End XCBuildConfiguration section */

/* Begin XCConfigurationList section */
		15A6CF6D68A43A77D461836F /* Build configuration list for PBXNativeTarget "PhysioLiDAR" */ = {
			isa = XCConfigurationList;
			buildConfigurations = (
				22A37E364557DB1912995B49 /* Debug */,
				2D956FD57BCC3A6A3449D8E6 /* Release */,
			);
			defaultConfigurationIsVisible = 0;
			defaultConfigurationName = Debug;
		};
		9E3A732BE51AD1E5F030F127 /* Build configuration list for PBXProject "PhysioLiDAR" */ = {
			isa = XCConfigurationList;
			buildConfigurations = (
				B78F66AB265E49DC97B72EFC /* Debug */,
				DA116CE1A2C4102AE555B5ED /* Release */,
			);
			defaultConfigurationIsVisible = 0;
			defaultConfigurationName = Debug;
		};
/* End XCConfigurationList section */
	};
	rootObject = 44A2C40EA9BAD2D9976AB7E2 /* Project object */;
}
